
Microsoft Visual Studio Solution File, Format Version 12.00
# Visual Studio Version 16
VisualStudioVersion = 16.0.30330.147
MinimumVisualStudioVersion = 10.0.40219.1
Project("{FAE04EC0-301F-11D3-BF4B-00C04F79EFBC}") = "Grillisoft.Tools.DatabaseDeploy", "src\Grillisoft.Tools.DatabaseDeploy\Grillisoft.Tools.DatabaseDeploy.csproj", "{4FB49F20-35AE-4D66-AFB6-A4465D036CF3}"
EndProject
Global
	GlobalSection(SolutionConfigurationPlatforms) = preSolution
		Debug|Any CPU = Debug|Any CPU
		Release|Any CPU = Release|Any CPU
	EndGlobalSection
	GlobalSection(ProjectConfigurationPlatforms) = postSolution
		{4FB49F20-35AE-4D66-AFB6-A4465D036CF3}.Debug|Any CPU.ActiveCfg = Debug|Any CPU
		{4FB49F20-35AE-4D66-AFB6-A4465D036CF3}.Debug|Any CPU.Build.0 = Debug|Any CPU
		{4FB49F20-35AE-4D66-AFB6-A4465D036CF3}.Release|Any CPU.ActiveCfg = Release|Any CPU
		{4FB49F20-35AE-4D66-AFB6-A4465D036CF3}.Release|Any CPU.Build.0 = Release|Any CPU
	EndGlobalSection
	GlobalSection(SolutionProperties) = preSolution
		HideSolutionNode = FALSE
	EndGlobalSection
	GlobalSection(ExtensibilityGlobals) = postSolution
		SolutionGuid = {2FE47D27-BA6B-46C6-858E-032AAAB5007A}
	EndGlobalSection
EndGlobal
