
Microsoft Visual Studio Solution File, Format Version 12.00
# Visual Studio Version 17
VisualStudioVersion = 17.7.34009.444
MinimumVisualStudioVersion = 10.0.40219.1
Project("{2150E333-8FDC-42A3-9474-1A3956D46DE8}") = "src", "src", "{EDB208D8-E952-450C-A274-69FAD0613CD2}"
EndProject
Project("{9A19103F-16F7-4668-BE54-9A1E7A4F7556}") = "Grillisoft.Tools.DatabaseDeploy", "src\Grillisoft.Tools.DatabaseDeploy\Grillisoft.Tools.DatabaseDeploy.csproj", "{4FB49F20-35AE-4D66-AFB6-A4465D036CF3}"
EndProject
Project("{9A19103F-16F7-4668-BE54-9A1E7A4F7556}") = "Grillisoft.Tools.DatabaseDeploy.Abstractions", "src\Grillisoft.Tools.DatabaseDeploy.Abstractions\Grillisoft.Tools.DatabaseDeploy.Abstractions.csproj", "{36E7258E-030E-411F-950A-E5C7D63B6798}"
EndProject
Project("{9A19103F-16F7-4668-BE54-9A1E7A4F7556}") = "Grillisoft.Tools.DatabaseDeploy.Contracts", "src\Grillisoft.Tools.DatabaseDeploy.Contracts\Grillisoft.Tools.DatabaseDeploy.Contracts.csproj", "{45A67FBB-E3A1-446E-A66E-1AD946BBAB8F}"
EndProject
Project("{2150E333-8FDC-42A3-9474-1A3956D46DE8}") = "Solution Items", "Solution Items", "{1CBECA38-5B8E-4F48-82AE-5A42F1CE4268}"
	ProjectSection(SolutionItems) = preProject
		README.md = README.md
		Directory.Build.props = Directory.Build.props
		Directory.Packages.props = Directory.Packages.props
		LICENSE.md = LICENSE.md
	EndProjectSection
EndProject
Project("{2150E333-8FDC-42A3-9474-1A3956D46DE8}") = "tests", "tests", "{E878A210-5E10-4674-8DA1-F65BF8CF1D23}"
	ProjectSection(SolutionItems) = preProject
		tests\Directory.Build.props = tests\Directory.Build.props
	EndProjectSection
EndProject
Project("{FAE04EC0-301F-11D3-BF4B-00C04F79EFBC}") = "Grillisoft.Tools.DatabaseDeploy.Tests", "tests\Grillisoft.Tools.DatabaseDeploy.Tests\Grillisoft.Tools.DatabaseDeploy.Tests.csproj", "{D8A67169-663B-4628-B345-617D6EF06E9E}"
EndProject
Project("{FAE04EC0-301F-11D3-BF4B-00C04F79EFBC}") = "Grillisoft.Tools.DatabaseDeploy.Cli", "src\Grillisoft.Tools.DatabaseDeploy.Cli\Grillisoft.Tools.DatabaseDeploy.Cli.csproj", "{78E8F8E2-9A26-418B-9786-50FA59C04887}"
EndProject
Project("{FAE04EC0-301F-11D3-BF4B-00C04F79EFBC}") = "Grillisoft.Tools.DatabaseDeploy.SqlServer", "src\Grillisoft.Tools.DatabaseDeploy.SqlServer\Grillisoft.Tools.DatabaseDeploy.SqlServer.csproj", "{8617A54F-E82C-4771-ACD3-02ABB6BE577A}"
EndProject
Global
	GlobalSection(SolutionConfigurationPlatforms) = preSolution
		Debug|Any CPU = Debug|Any CPU
		Release|Any CPU = Release|Any CPU
	EndGlobalSection
	GlobalSection(ProjectConfigurationPlatforms) = postSolution
		{4FB49F20-35AE-4D66-AFB6-A4465D036CF3}.Debug|Any CPU.ActiveCfg = Debug|Any CPU
		{4FB49F20-35AE-4D66-AFB6-A4465D036CF3}.Debug|Any CPU.Build.0 = Debug|Any CPU
		{4FB49F20-35AE-4D66-AFB6-A4465D036CF3}.Release|Any CPU.ActiveCfg = Release|Any CPU
		{4FB49F20-35AE-4D66-AFB6-A4465D036CF3}.Release|Any CPU.Build.0 = Release|Any CPU
		{36E7258E-030E-411F-950A-E5C7D63B6798}.Debug|Any CPU.ActiveCfg = Debug|Any CPU
		{36E7258E-030E-411F-950A-E5C7D63B6798}.Debug|Any CPU.Build.0 = Debug|Any CPU
		{36E7258E-030E-411F-950A-E5C7D63B6798}.Release|Any CPU.ActiveCfg = Release|Any CPU
		{36E7258E-030E-411F-950A-E5C7D63B6798}.Release|Any CPU.Build.0 = Release|Any CPU
		{45A67FBB-E3A1-446E-A66E-1AD946BBAB8F}.Debug|Any CPU.ActiveCfg = Debug|Any CPU
		{45A67FBB-E3A1-446E-A66E-1AD946BBAB8F}.Debug|Any CPU.Build.0 = Debug|Any CPU
		{45A67FBB-E3A1-446E-A66E-1AD946BBAB8F}.Release|Any CPU.ActiveCfg = Release|Any CPU
		{45A67FBB-E3A1-446E-A66E-1AD946BBAB8F}.Release|Any CPU.Build.0 = Release|Any CPU
		{D8A67169-663B-4628-B345-617D6EF06E9E}.Debug|Any CPU.ActiveCfg = Debug|Any CPU
		{D8A67169-663B-4628-B345-617D6EF06E9E}.Debug|Any CPU.Build.0 = Debug|Any CPU
		{D8A67169-663B-4628-B345-617D6EF06E9E}.Release|Any CPU.ActiveCfg = Release|Any CPU
		{D8A67169-663B-4628-B345-617D6EF06E9E}.Release|Any CPU.Build.0 = Release|Any CPU
		{78E8F8E2-9A26-418B-9786-50FA59C04887}.Debug|Any CPU.ActiveCfg = Debug|Any CPU
		{78E8F8E2-9A26-418B-9786-50FA59C04887}.Debug|Any CPU.Build.0 = Debug|Any CPU
		{78E8F8E2-9A26-418B-9786-50FA59C04887}.Release|Any CPU.ActiveCfg = Release|Any CPU
		{78E8F8E2-9A26-418B-9786-50FA59C04887}.Release|Any CPU.Build.0 = Release|Any CPU
		{8617A54F-E82C-4771-ACD3-02ABB6BE577A}.Debug|Any CPU.ActiveCfg = Debug|Any CPU
		{8617A54F-E82C-4771-ACD3-02ABB6BE577A}.Debug|Any CPU.Build.0 = Debug|Any CPU
		{8617A54F-E82C-4771-ACD3-02ABB6BE577A}.Release|Any CPU.ActiveCfg = Release|Any CPU
		{8617A54F-E82C-4771-ACD3-02ABB6BE577A}.Release|Any CPU.Build.0 = Release|Any CPU
	EndGlobalSection
	GlobalSection(SolutionProperties) = preSolution
		HideSolutionNode = FALSE
	EndGlobalSection
	GlobalSection(NestedProjects) = preSolution
		{36E7258E-030E-411F-950A-E5C7D63B6798} = {EDB208D8-E952-450C-A274-69FAD0613CD2}
		{45A67FBB-E3A1-446E-A66E-1AD946BBAB8F} = {EDB208D8-E952-450C-A274-69FAD0613CD2}
		{4FB49F20-35AE-4D66-AFB6-A4465D036CF3} = {EDB208D8-E952-450C-A274-69FAD0613CD2}
		{D8A67169-663B-4628-B345-617D6EF06E9E} = {E878A210-5E10-4674-8DA1-F65BF8CF1D23}
		{78E8F8E2-9A26-418B-9786-50FA59C04887} = {EDB208D8-E952-450C-A274-69FAD0613CD2}
		{8617A54F-E82C-4771-ACD3-02ABB6BE577A} = {EDB208D8-E952-450C-A274-69FAD0613CD2}
	EndGlobalSection
	GlobalSection(ExtensibilityGlobals) = postSolution
		SolutionGuid = {2FE47D27-BA6B-46C6-858E-032AAAB5007A}
	EndGlobalSection
EndGlobal
