
Microsoft Visual Studio Solution File, Format Version 12.00
# Visual Studio Version 17
VisualStudioVersion = 17.5.002.0
MinimumVisualStudioVersion = 10.0.40219.1
Project("{2150E333-8FDC-42A3-9474-1A3956D46DE8}") = "mssql-02-efcore", "mssql-02-efcore", "{D0B136DC-402F-40C2-93E8-AF4E45402E01}"
EndProject
Project("{9A19103F-16F7-4668-BE54-9A1E7A4F7556}") = "Northwind", "mssql-02-efcore\Northwind\Northwind.csproj", "{65D55CC5-80E4-4A12-B285-65477FB187E5}"
EndProject
Global
	GlobalSection(SolutionConfigurationPlatforms) = preSolution
		Debug|Any CPU = Debug|Any CPU
		Release|Any CPU = Release|Any CPU
	EndGlobalSection
	GlobalSection(ProjectConfigurationPlatforms) = postSolution
		{65D55CC5-80E4-4A12-B285-65477FB187E5}.Debug|Any CPU.ActiveCfg = Debug|Any CPU
		{65D55CC5-80E4-4A12-B285-65477FB187E5}.Debug|Any CPU.Build.0 = Debug|Any CPU
		{65D55CC5-80E4-4A12-B285-65477FB187E5}.Release|Any CPU.ActiveCfg = Release|Any CPU
		{65D55CC5-80E4-4A12-B285-65477FB187E5}.Release|Any CPU.Build.0 = Release|Any CPU
	EndGlobalSection
	GlobalSection(SolutionProperties) = preSolution
		HideSolutionNode = FALSE
	EndGlobalSection
	GlobalSection(NestedProjects) = preSolution
		{65D55CC5-80E4-4A12-B285-65477FB187E5} = {D0B136DC-402F-40C2-93E8-AF4E45402E01}
	EndGlobalSection
	GlobalSection(ExtensibilityGlobals) = postSolution
		SolutionGuid = {9C6219E9-A70A-48EB-936B-840EB7EE4FC4}
	EndGlobalSection
EndGlobal
